
Microsoft Visual Studio Solution File, Format Version 12.00
# Visual Studio Version 17
VisualStudioVersion = 17.13.35825.156
MinimumVisualStudioVersion = 10.0.40219.1
Project("{FAE04EC0-301F-11D3-BF4B-00C04F79EFBC}") = "Exercicio01", "Exercicio01\Exercicio01.csproj", "{E833FDA3-138E-4D26-9F5C-A42417997FC0}"
EndProject
Project("{FAE04EC0-301F-11D3-BF4B-00C04F79EFBC}") = "Exercicio02", "Exercicio02\Exercicio02.csproj", "{504684C1-3121-4673-935A-A993BD5F2001}"
EndProject
Project("{FAE04EC0-301F-11D3-BF4B-00C04F79EFBC}") = "Exercicio03", "Exercicio03\Exercicio03.csproj", "{65640F15-4E00-4A27-9666-77B49B521A09}"
EndProject
Project("{FAE04EC0-301F-11D3-BF4B-00C04F79EFBC}") = "Exercicio04", "Exercicio04\Exercicio04.csproj", "{594DCA79-9EAC-4F46-9F6E-06465E26B4DA}"
EndProject
Project("{FAE04EC0-301F-11D3-BF4B-00C04F79EFBC}") = "Exercicio05", "Exercicio05\Exercicio05.csproj", "{D188A947-5FC9-4342-94A8-6ADB954799CF}"
EndProject
Global
	GlobalSection(SolutionConfigurationPlatforms) = preSolution
		Debug|Any CPU = Debug|Any CPU
		Release|Any CPU = Release|Any CPU
	EndGlobalSection
	GlobalSection(ProjectConfigurationPlatforms) = postSolution
		{E833FDA3-138E-4D26-9F5C-A42417997FC0}.Debug|Any CPU.ActiveCfg = Debug|Any CPU
		{E833FDA3-138E-4D26-9F5C-A42417997FC0}.Debug|Any CPU.Build.0 = Debug|Any CPU
		{E833FDA3-138E-4D26-9F5C-A42417997FC0}.Release|Any CPU.ActiveCfg = Release|Any CPU
		{E833FDA3-138E-4D26-9F5C-A42417997FC0}.Release|Any CPU.Build.0 = Release|Any CPU
		{504684C1-3121-4673-935A-A993BD5F2001}.Debug|Any CPU.ActiveCfg = Debug|Any CPU
		{504684C1-3121-4673-935A-A993BD5F2001}.Debug|Any CPU.Build.0 = Debug|Any CPU
		{504684C1-3121-4673-935A-A993BD5F2001}.Release|Any CPU.ActiveCfg = Release|Any CPU
		{504684C1-3121-4673-935A-A993BD5F2001}.Release|Any CPU.Build.0 = Release|Any CPU
		{65640F15-4E00-4A27-9666-77B49B521A09}.Debug|Any CPU.ActiveCfg = Debug|Any CPU
		{65640F15-4E00-4A27-9666-77B49B521A09}.Debug|Any CPU.Build.0 = Debug|Any CPU
		{65640F15-4E00-4A27-9666-77B49B521A09}.Release|Any CPU.ActiveCfg = Release|Any CPU
		{65640F15-4E00-4A27-9666-77B49B521A09}.Release|Any CPU.Build.0 = Release|Any CPU
		{594DCA79-9EAC-4F46-9F6E-06465E26B4DA}.Debug|Any CPU.ActiveCfg = Debug|Any CPU
		{594DCA79-9EAC-4F46-9F6E-06465E26B4DA}.Debug|Any CPU.Build.0 = Debug|Any CPU
		{594DCA79-9EAC-4F46-9F6E-06465E26B4DA}.Release|Any CPU.ActiveCfg = Release|Any CPU
		{594DCA79-9EAC-4F46-9F6E-06465E26B4DA}.Release|Any CPU.Build.0 = Release|Any CPU
		{D188A947-5FC9-4342-94A8-6ADB954799CF}.Debug|Any CPU.ActiveCfg = Debug|Any CPU
		{D188A947-5FC9-4342-94A8-6ADB954799CF}.Debug|Any CPU.Build.0 = Debug|Any CPU
		{D188A947-5FC9-4342-94A8-6ADB954799CF}.Release|Any CPU.ActiveCfg = Release|Any CPU
		{D188A947-5FC9-4342-94A8-6ADB954799CF}.Release|Any CPU.Build.0 = Release|Any CPU
	EndGlobalSection
	GlobalSection(SolutionProperties) = preSolution
		HideSolutionNode = FALSE
	EndGlobalSection
	GlobalSection(ExtensibilityGlobals) = postSolution
		SolutionGuid = {4AA6CA59-7A81-497E-B8D1-547566B666F8}
	EndGlobalSection
EndGlobal
