
Microsoft Visual Studio Solution File, Format Version 12.00
# Visual Studio Version 17
VisualStudioVersion = 17.13.35825.156
MinimumVisualStudioVersion = 10.0.40219.1
Project("{FAE04EC0-301F-11D3-BF4B-00C04F79EFBC}") = "Exercicio01", "Exercicio01\Exercicio01.csproj", "{E833FDA3-138E-4D26-9F5C-A42417997FC0}"
EndProject
Project("{FAE04EC0-301F-11D3-BF4B-00C04F79EFBC}") = "Exercicio02", "Exercicio02\Exercicio02.csproj", "{504684C1-3121-4673-935A-A993BD5F2001}"
EndProject
Project("{FAE04EC0-301F-11D3-BF4B-00C04F79EFBC}") = "Exercicio03", "Exercicio03\Exercicio03.csproj", "{65640F15-4E00-4A27-9666-77B49B521A09}"
EndProject
Project("{FAE04EC0-301F-11D3-BF4B-00C04F79EFBC}") = "Exercicio04", "Exercicio04\Exercicio04.csproj", "{594DCA79-9EAC-4F46-9F6E-06465E26B4DA}"
EndProject
Project("{FAE04EC0-301F-11D3-BF4B-00C04F79EFBC}") = "Exercicio05", "Exercicio05\Exercicio05.csproj", "{D188A947-5FC9-4342-94A8-6ADB954799CF}"
EndProject
Project("{FAE04EC0-301F-11D3-BF4B-00C04F79EFBC}") = "Exercicio06", "Exercicio06\Exercicio06.csproj", "{736D983E-A0E0-4FB0-874D-780A473D331C}"
EndProject
Project("{FAE04EC0-301F-11D3-BF4B-00C04F79EFBC}") = "Exercicio07", "Exercicio07\Exercicio07.csproj", "{C0B272BB-C016-4631-92C2-8655421E5CA4}"
EndProject
Project("{FAE04EC0-301F-11D3-BF4B-00C04F79EFBC}") = "Exercicio08", "Exercicio08\Exercicio08.csproj", "{2032CD59-7520-4486-8A92-BD251C81FCB5}"
EndProject
Project("{FAE04EC0-301F-11D3-BF4B-00C04F79EFBC}") = "Exercicio09", "Exercicio09\Exercicio09.csproj", "{505E1CA9-A178-4E00-A4E8-6B8B1FB38DBB}"
EndProject
Project("{FAE04EC0-301F-11D3-BF4B-00C04F79EFBC}") = "Exercicio10", "Exercicio10\Exercicio10.csproj", "{F38C031D-FC78-4E23-ADC2-1336551A1EF3}"
EndProject
Project("{FAE04EC0-301F-11D3-BF4B-00C04F79EFBC}") = "Exercicio11", "Exercicio11\Exercicio11.csproj", "{1C9936C5-5907-45E2-BC41-471DF13B7945}"
EndProject
Project("{FAE04EC0-301F-11D3-BF4B-00C04F79EFBC}") = "Exercicio12", "Exercicio12\Exercicio12.csproj", "{DC7891C2-DBA4-43DB-97C4-0CD338A93871}"
EndProject
Project("{FAE04EC0-301F-11D3-BF4B-00C04F79EFBC}") = "Exercicio13", "Exercicio13\Exercicio13.csproj", "{B4CEBC51-656D-46FB-BA7E-39C3BB70AE6A}"
EndProject
Project("{FAE04EC0-301F-11D3-BF4B-00C04F79EFBC}") = "Exercicio14", "Exercicio14\Exercicio14.csproj", "{C5A7C5A0-4CB7-416D-936C-FBABE97A488B}"
EndProject
Project("{FAE04EC0-301F-11D3-BF4B-00C04F79EFBC}") = "Exercicio15", "Exercicio15\Exercicio15.csproj", "{5F4C6F11-D497-49D3-89FE-A6BCFB38DFED}"
EndProject
Project("{FAE04EC0-301F-11D3-BF4B-00C04F79EFBC}") = "Exercicio16", "Exercicio16\Exercicio16.csproj", "{B9AC166B-D5AC-4ED0-9E7F-50CB38B39A92}"
EndProject
Project("{FAE04EC0-301F-11D3-BF4B-00C04F79EFBC}") = "Exercicio17", "Exercicio17\Exercicio17.csproj", "{2461DE81-C93A-4151-8D82-CF05A278A776}"
EndProject
Project("{FAE04EC0-301F-11D3-BF4B-00C04F79EFBC}") = "Exercicio18", "Exercicio18\Exercicio18.csproj", "{8D882B6B-343C-4B92-A6E1-77C8180E9B95}"
EndProject
Project("{FAE04EC0-301F-11D3-BF4B-00C04F79EFBC}") = "Exercicio19", "Exercicio19\Exercicio19.csproj", "{752C1830-B636-419E-B32E-7735584ADFEB}"
EndProject
Project("{FAE04EC0-301F-11D3-BF4B-00C04F79EFBC}") = "Exercicio20", "Exercicio20\Exercicio20.csproj", "{5FE09B57-20A0-4272-BAF2-024F9110D683}"
EndProject
Project("{FAE04EC0-301F-11D3-BF4B-00C04F79EFBC}") = "Exercicio21", "Exercicio21\Exercicio21.csproj", "{EE1CDC80-8898-4AAA-9232-534411AF8CD3}"
EndProject
Project("{FAE04EC0-301F-11D3-BF4B-00C04F79EFBC}") = "Exercicio22", "Exercicio22\Exercicio22.csproj", "{ADF141AE-82C5-46A9-B500-E1A023F23231}"
EndProject
Project("{FAE04EC0-301F-11D3-BF4B-00C04F79EFBC}") = "Exercicio23", "Exercicio23\Exercicio23.csproj", "{41C2AF3F-1051-4D95-A81D-97EB45BB75D0}"
EndProject
Global
	GlobalSection(SolutionConfigurationPlatforms) = preSolution
		Debug|Any CPU = Debug|Any CPU
		Release|Any CPU = Release|Any CPU
	EndGlobalSection
	GlobalSection(ProjectConfigurationPlatforms) = postSolution
		{E833FDA3-138E-4D26-9F5C-A42417997FC0}.Debug|Any CPU.ActiveCfg = Debug|Any CPU
		{E833FDA3-138E-4D26-9F5C-A42417997FC0}.Debug|Any CPU.Build.0 = Debug|Any CPU
		{E833FDA3-138E-4D26-9F5C-A42417997FC0}.Release|Any CPU.ActiveCfg = Release|Any CPU
		{E833FDA3-138E-4D26-9F5C-A42417997FC0}.Release|Any CPU.Build.0 = Release|Any CPU
		{504684C1-3121-4673-935A-A993BD5F2001}.Debug|Any CPU.ActiveCfg = Debug|Any CPU
		{504684C1-3121-4673-935A-A993BD5F2001}.Debug|Any CPU.Build.0 = Debug|Any CPU
		{504684C1-3121-4673-935A-A993BD5F2001}.Release|Any CPU.ActiveCfg = Release|Any CPU
		{504684C1-3121-4673-935A-A993BD5F2001}.Release|Any CPU.Build.0 = Release|Any CPU
		{65640F15-4E00-4A27-9666-77B49B521A09}.Debug|Any CPU.ActiveCfg = Debug|Any CPU
		{65640F15-4E00-4A27-9666-77B49B521A09}.Debug|Any CPU.Build.0 = Debug|Any CPU
		{65640F15-4E00-4A27-9666-77B49B521A09}.Release|Any CPU.ActiveCfg = Release|Any CPU
		{65640F15-4E00-4A27-9666-77B49B521A09}.Release|Any CPU.Build.0 = Release|Any CPU
		{594DCA79-9EAC-4F46-9F6E-06465E26B4DA}.Debug|Any CPU.ActiveCfg = Debug|Any CPU
		{594DCA79-9EAC-4F46-9F6E-06465E26B4DA}.Debug|Any CPU.Build.0 = Debug|Any CPU
		{594DCA79-9EAC-4F46-9F6E-06465E26B4DA}.Release|Any CPU.ActiveCfg = Release|Any CPU
		{594DCA79-9EAC-4F46-9F6E-06465E26B4DA}.Release|Any CPU.Build.0 = Release|Any CPU
		{D188A947-5FC9-4342-94A8-6ADB954799CF}.Debug|Any CPU.ActiveCfg = Debug|Any CPU
		{D188A947-5FC9-4342-94A8-6ADB954799CF}.Debug|Any CPU.Build.0 = Debug|Any CPU
		{D188A947-5FC9-4342-94A8-6ADB954799CF}.Release|Any CPU.ActiveCfg = Release|Any CPU
		{D188A947-5FC9-4342-94A8-6ADB954799CF}.Release|Any CPU.Build.0 = Release|Any CPU
		{736D983E-A0E0-4FB0-874D-780A473D331C}.Debug|Any CPU.ActiveCfg = Debug|Any CPU
		{736D983E-A0E0-4FB0-874D-780A473D331C}.Debug|Any CPU.Build.0 = Debug|Any CPU
		{736D983E-A0E0-4FB0-874D-780A473D331C}.Release|Any CPU.ActiveCfg = Release|Any CPU
		{736D983E-A0E0-4FB0-874D-780A473D331C}.Release|Any CPU.Build.0 = Release|Any CPU
		{C0B272BB-C016-4631-92C2-8655421E5CA4}.Debug|Any CPU.ActiveCfg = Debug|Any CPU
		{C0B272BB-C016-4631-92C2-8655421E5CA4}.Debug|Any CPU.Build.0 = Debug|Any CPU
		{C0B272BB-C016-4631-92C2-8655421E5CA4}.Release|Any CPU.ActiveCfg = Release|Any CPU
		{C0B272BB-C016-4631-92C2-8655421E5CA4}.Release|Any CPU.Build.0 = Release|Any CPU
		{2032CD59-7520-4486-8A92-BD251C81FCB5}.Debug|Any CPU.ActiveCfg = Debug|Any CPU
		{2032CD59-7520-4486-8A92-BD251C81FCB5}.Debug|Any CPU.Build.0 = Debug|Any CPU
		{2032CD59-7520-4486-8A92-BD251C81FCB5}.Release|Any CPU.ActiveCfg = Release|Any CPU
		{2032CD59-7520-4486-8A92-BD251C81FCB5}.Release|Any CPU.Build.0 = Release|Any CPU
		{505E1CA9-A178-4E00-A4E8-6B8B1FB38DBB}.Debug|Any CPU.ActiveCfg = Debug|Any CPU
		{505E1CA9-A178-4E00-A4E8-6B8B1FB38DBB}.Debug|Any CPU.Build.0 = Debug|Any CPU
		{505E1CA9-A178-4E00-A4E8-6B8B1FB38DBB}.Release|Any CPU.ActiveCfg = Release|Any CPU
		{505E1CA9-A178-4E00-A4E8-6B8B1FB38DBB}.Release|Any CPU.Build.0 = Release|Any CPU
		{F38C031D-FC78-4E23-ADC2-1336551A1EF3}.Debug|Any CPU.ActiveCfg = Debug|Any CPU
		{F38C031D-FC78-4E23-ADC2-1336551A1EF3}.Debug|Any CPU.Build.0 = Debug|Any CPU
		{F38C031D-FC78-4E23-ADC2-1336551A1EF3}.Release|Any CPU.ActiveCfg = Release|Any CPU
		{F38C031D-FC78-4E23-ADC2-1336551A1EF3}.Release|Any CPU.Build.0 = Release|Any CPU
		{1C9936C5-5907-45E2-BC41-471DF13B7945}.Debug|Any CPU.ActiveCfg = Debug|Any CPU
		{1C9936C5-5907-45E2-BC41-471DF13B7945}.Debug|Any CPU.Build.0 = Debug|Any CPU
		{1C9936C5-5907-45E2-BC41-471DF13B7945}.Release|Any CPU.ActiveCfg = Release|Any CPU
		{1C9936C5-5907-45E2-BC41-471DF13B7945}.Release|Any CPU.Build.0 = Release|Any CPU
		{DC7891C2-DBA4-43DB-97C4-0CD338A93871}.Debug|Any CPU.ActiveCfg = Debug|Any CPU
		{DC7891C2-DBA4-43DB-97C4-0CD338A93871}.Debug|Any CPU.Build.0 = Debug|Any CPU
		{DC7891C2-DBA4-43DB-97C4-0CD338A93871}.Release|Any CPU.ActiveCfg = Release|Any CPU
		{DC7891C2-DBA4-43DB-97C4-0CD338A93871}.Release|Any CPU.Build.0 = Release|Any CPU
		{B4CEBC51-656D-46FB-BA7E-39C3BB70AE6A}.Debug|Any CPU.ActiveCfg = Debug|Any CPU
		{B4CEBC51-656D-46FB-BA7E-39C3BB70AE6A}.Debug|Any CPU.Build.0 = Debug|Any CPU
		{B4CEBC51-656D-46FB-BA7E-39C3BB70AE6A}.Release|Any CPU.ActiveCfg = Release|Any CPU
		{B4CEBC51-656D-46FB-BA7E-39C3BB70AE6A}.Release|Any CPU.Build.0 = Release|Any CPU
		{C5A7C5A0-4CB7-416D-936C-FBABE97A488B}.Debug|Any CPU.ActiveCfg = Debug|Any CPU
		{C5A7C5A0-4CB7-416D-936C-FBABE97A488B}.Debug|Any CPU.Build.0 = Debug|Any CPU
		{C5A7C5A0-4CB7-416D-936C-FBABE97A488B}.Release|Any CPU.ActiveCfg = Release|Any CPU
		{C5A7C5A0-4CB7-416D-936C-FBABE97A488B}.Release|Any CPU.Build.0 = Release|Any CPU
		{5F4C6F11-D497-49D3-89FE-A6BCFB38DFED}.Debug|Any CPU.ActiveCfg = Debug|Any CPU
		{5F4C6F11-D497-49D3-89FE-A6BCFB38DFED}.Debug|Any CPU.Build.0 = Debug|Any CPU
		{5F4C6F11-D497-49D3-89FE-A6BCFB38DFED}.Release|Any CPU.ActiveCfg = Release|Any CPU
		{5F4C6F11-D497-49D3-89FE-A6BCFB38DFED}.Release|Any CPU.Build.0 = Release|Any CPU
		{B9AC166B-D5AC-4ED0-9E7F-50CB38B39A92}.Debug|Any CPU.ActiveCfg = Debug|Any CPU
		{B9AC166B-D5AC-4ED0-9E7F-50CB38B39A92}.Debug|Any CPU.Build.0 = Debug|Any CPU
		{B9AC166B-D5AC-4ED0-9E7F-50CB38B39A92}.Release|Any CPU.ActiveCfg = Release|Any CPU
		{B9AC166B-D5AC-4ED0-9E7F-50CB38B39A92}.Release|Any CPU.Build.0 = Release|Any CPU
		{2461DE81-C93A-4151-8D82-CF05A278A776}.Debug|Any CPU.ActiveCfg = Debug|Any CPU
		{2461DE81-C93A-4151-8D82-CF05A278A776}.Debug|Any CPU.Build.0 = Debug|Any CPU
		{2461DE81-C93A-4151-8D82-CF05A278A776}.Release|Any CPU.ActiveCfg = Release|Any CPU
		{2461DE81-C93A-4151-8D82-CF05A278A776}.Release|Any CPU.Build.0 = Release|Any CPU
		{8D882B6B-343C-4B92-A6E1-77C8180E9B95}.Debug|Any CPU.ActiveCfg = Debug|Any CPU
		{8D882B6B-343C-4B92-A6E1-77C8180E9B95}.Debug|Any CPU.Build.0 = Debug|Any CPU
		{8D882B6B-343C-4B92-A6E1-77C8180E9B95}.Release|Any CPU.ActiveCfg = Release|Any CPU
		{8D882B6B-343C-4B92-A6E1-77C8180E9B95}.Release|Any CPU.Build.0 = Release|Any CPU
		{752C1830-B636-419E-B32E-7735584ADFEB}.Debug|Any CPU.ActiveCfg = Debug|Any CPU
		{752C1830-B636-419E-B32E-7735584ADFEB}.Debug|Any CPU.Build.0 = Debug|Any CPU
		{752C1830-B636-419E-B32E-7735584ADFEB}.Release|Any CPU.ActiveCfg = Release|Any CPU
		{752C1830-B636-419E-B32E-7735584ADFEB}.Release|Any CPU.Build.0 = Release|Any CPU
		{5FE09B57-20A0-4272-BAF2-024F9110D683}.Debug|Any CPU.ActiveCfg = Debug|Any CPU
		{5FE09B57-20A0-4272-BAF2-024F9110D683}.Debug|Any CPU.Build.0 = Debug|Any CPU
		{5FE09B57-20A0-4272-BAF2-024F9110D683}.Release|Any CPU.ActiveCfg = Release|Any CPU
		{5FE09B57-20A0-4272-BAF2-024F9110D683}.Release|Any CPU.Build.0 = Release|Any CPU
		{EE1CDC80-8898-4AAA-9232-534411AF8CD3}.Debug|Any CPU.ActiveCfg = Debug|Any CPU
		{EE1CDC80-8898-4AAA-9232-534411AF8CD3}.Debug|Any CPU.Build.0 = Debug|Any CPU
		{EE1CDC80-8898-4AAA-9232-534411AF8CD3}.Release|Any CPU.ActiveCfg = Release|Any CPU
		{EE1CDC80-8898-4AAA-9232-534411AF8CD3}.Release|Any CPU.Build.0 = Release|Any CPU
		{ADF141AE-82C5-46A9-B500-E1A023F23231}.Debug|Any CPU.ActiveCfg = Debug|Any CPU
		{ADF141AE-82C5-46A9-B500-E1A023F23231}.Debug|Any CPU.Build.0 = Debug|Any CPU
		{ADF141AE-82C5-46A9-B500-E1A023F23231}.Release|Any CPU.ActiveCfg = Release|Any CPU
		{ADF141AE-82C5-46A9-B500-E1A023F23231}.Release|Any CPU.Build.0 = Release|Any CPU
		{41C2AF3F-1051-4D95-A81D-97EB45BB75D0}.Debug|Any CPU.ActiveCfg = Debug|Any CPU
		{41C2AF3F-1051-4D95-A81D-97EB45BB75D0}.Debug|Any CPU.Build.0 = Debug|Any CPU
		{41C2AF3F-1051-4D95-A81D-97EB45BB75D0}.Release|Any CPU.ActiveCfg = Release|Any CPU
		{41C2AF3F-1051-4D95-A81D-97EB45BB75D0}.Release|Any CPU.Build.0 = Release|Any CPU
	EndGlobalSection
	GlobalSection(SolutionProperties) = preSolution
		HideSolutionNode = FALSE
	EndGlobalSection
	GlobalSection(ExtensibilityGlobals) = postSolution
		SolutionGuid = {4AA6CA59-7A81-497E-B8D1-547566B666F8}
	EndGlobalSection
EndGlobal
